
Microsoft Visual Studio Solution File, Format Version 12.00
# Visual Studio 14
VisualStudioVersion = 14.0.25420.1
MinimumVisualStudioVersion = 10.0.40219.1
Project("{FAE04EC0-301F-11D3-BF4B-00C04F79EFBC}") = "DAL", "DAL\DAL.csproj", "{4C18877A-BBAF-4DF5-AA18-9F47761CD270}"
EndProject
Project("{FAE04EC0-301F-11D3-BF4B-00C04F79EFBC}") = "BLL", "BLL\BLL.csproj", "{2352D8DF-DD69-4DC4-8818-3B3CD9798821}"
EndProject
Project("{FAE04EC0-301F-11D3-BF4B-00C04F79EFBC}") = "SAL", "SAL\SAL.csproj", "{60D2AE2B-1F58-481B-9241-50E2C362186D}"
EndProject
Project("{FAE04EC0-301F-11D3-BF4B-00C04F79EFBC}") = "AndroidApp", "AndroidApp\AndroidApp.csproj", "{5D2BD1FF-A6CE-4DE4-B120-51D97B8FF7DA}"
EndProject
Project("{FAE04EC0-301F-11D3-BF4B-00C04F79EFBC}") = "iOSApp", "iOSApp\iOSApp.csproj", "{C84D6D81-0708-4DE3-B1E0-F35BCC94FA96}"
EndProject
Global
	GlobalSection(SolutionConfigurationPlatforms) = preSolution
		Ad-Hoc|Any CPU = Ad-Hoc|Any CPU
		Ad-Hoc|iPhone = Ad-Hoc|iPhone
		Ad-Hoc|iPhoneSimulator = Ad-Hoc|iPhoneSimulator
		AppStore|Any CPU = AppStore|Any CPU
		AppStore|iPhone = AppStore|iPhone
		AppStore|iPhoneSimulator = AppStore|iPhoneSimulator
		Debug|Any CPU = Debug|Any CPU
		Debug|iPhone = Debug|iPhone
		Debug|iPhoneSimulator = Debug|iPhoneSimulator
		Release|Any CPU = Release|Any CPU
		Release|iPhone = Release|iPhone
		Release|iPhoneSimulator = Release|iPhoneSimulator
	EndGlobalSection
	GlobalSection(ProjectConfigurationPlatforms) = postSolution
		{4C18877A-BBAF-4DF5-AA18-9F47761CD270}.Ad-Hoc|Any CPU.ActiveCfg = Release|Any CPU
		{4C18877A-BBAF-4DF5-AA18-9F47761CD270}.Ad-Hoc|Any CPU.Build.0 = Release|Any CPU
		{4C18877A-BBAF-4DF5-AA18-9F47761CD270}.Ad-Hoc|iPhone.ActiveCfg = Release|Any CPU
		{4C18877A-BBAF-4DF5-AA18-9F47761CD270}.Ad-Hoc|iPhone.Build.0 = Release|Any CPU
		{4C18877A-BBAF-4DF5-AA18-9F47761CD270}.Ad-Hoc|iPhoneSimulator.ActiveCfg = Release|Any CPU
		{4C18877A-BBAF-4DF5-AA18-9F47761CD270}.Ad-Hoc|iPhoneSimulator.Build.0 = Release|Any CPU
		{4C18877A-BBAF-4DF5-AA18-9F47761CD270}.AppStore|Any CPU.ActiveCfg = Release|Any CPU
		{4C18877A-BBAF-4DF5-AA18-9F47761CD270}.AppStore|Any CPU.Build.0 = Release|Any CPU
		{4C18877A-BBAF-4DF5-AA18-9F47761CD270}.AppStore|iPhone.ActiveCfg = Release|Any CPU
		{4C18877A-BBAF-4DF5-AA18-9F47761CD270}.AppStore|iPhone.Build.0 = Release|Any CPU
		{4C18877A-BBAF-4DF5-AA18-9F47761CD270}.AppStore|iPhoneSimulator.ActiveCfg = Release|Any CPU
		{4C18877A-BBAF-4DF5-AA18-9F47761CD270}.AppStore|iPhoneSimulator.Build.0 = Release|Any CPU
		{4C18877A-BBAF-4DF5-AA18-9F47761CD270}.Debug|Any CPU.ActiveCfg = Debug|Any CPU
		{4C18877A-BBAF-4DF5-AA18-9F47761CD270}.Debug|Any CPU.Build.0 = Debug|Any CPU
		{4C18877A-BBAF-4DF5-AA18-9F47761CD270}.Debug|iPhone.ActiveCfg = Debug|Any CPU
		{4C18877A-BBAF-4DF5-AA18-9F47761CD270}.Debug|iPhone.Build.0 = Debug|Any CPU
		{4C18877A-BBAF-4DF5-AA18-9F47761CD270}.Debug|iPhoneSimulator.ActiveCfg = Debug|Any CPU
		{4C18877A-BBAF-4DF5-AA18-9F47761CD270}.Debug|iPhoneSimulator.Build.0 = Debug|Any CPU
		{4C18877A-BBAF-4DF5-AA18-9F47761CD270}.Release|Any CPU.ActiveCfg = Release|Any CPU
		{4C18877A-BBAF-4DF5-AA18-9F47761CD270}.Release|Any CPU.Build.0 = Release|Any CPU
		{4C18877A-BBAF-4DF5-AA18-9F47761CD270}.Release|iPhone.ActiveCfg = Release|Any CPU
		{4C18877A-BBAF-4DF5-AA18-9F47761CD270}.Release|iPhone.Build.0 = Release|Any CPU
		{4C18877A-BBAF-4DF5-AA18-9F47761CD270}.Release|iPhoneSimulator.ActiveCfg = Release|Any CPU
		{4C18877A-BBAF-4DF5-AA18-9F47761CD270}.Release|iPhoneSimulator.Build.0 = Release|Any CPU
		{2352D8DF-DD69-4DC4-8818-3B3CD9798821}.Ad-Hoc|Any CPU.ActiveCfg = Release|Any CPU
		{2352D8DF-DD69-4DC4-8818-3B3CD9798821}.Ad-Hoc|Any CPU.Build.0 = Release|Any CPU
		{2352D8DF-DD69-4DC4-8818-3B3CD9798821}.Ad-Hoc|iPhone.ActiveCfg = Release|Any CPU
		{2352D8DF-DD69-4DC4-8818-3B3CD9798821}.Ad-Hoc|iPhone.Build.0 = Release|Any CPU
		{2352D8DF-DD69-4DC4-8818-3B3CD9798821}.Ad-Hoc|iPhoneSimulator.ActiveCfg = Release|Any CPU
		{2352D8DF-DD69-4DC4-8818-3B3CD9798821}.Ad-Hoc|iPhoneSimulator.Build.0 = Release|Any CPU
		{2352D8DF-DD69-4DC4-8818-3B3CD9798821}.AppStore|Any CPU.ActiveCfg = Release|Any CPU
		{2352D8DF-DD69-4DC4-8818-3B3CD9798821}.AppStore|Any CPU.Build.0 = Release|Any CPU
		{2352D8DF-DD69-4DC4-8818-3B3CD9798821}.AppStore|iPhone.ActiveCfg = Release|Any CPU
		{2352D8DF-DD69-4DC4-8818-3B3CD9798821}.AppStore|iPhone.Build.0 = Release|Any CPU
		{2352D8DF-DD69-4DC4-8818-3B3CD9798821}.AppStore|iPhoneSimulator.ActiveCfg = Release|Any CPU
		{2352D8DF-DD69-4DC4-8818-3B3CD9798821}.AppStore|iPhoneSimulator.Build.0 = Release|Any CPU
		{2352D8DF-DD69-4DC4-8818-3B3CD9798821}.Debug|Any CPU.ActiveCfg = Debug|Any CPU
		{2352D8DF-DD69-4DC4-8818-3B3CD9798821}.Debug|Any CPU.Build.0 = Debug|Any CPU
		{2352D8DF-DD69-4DC4-8818-3B3CD9798821}.Debug|iPhone.ActiveCfg = Debug|Any CPU
		{2352D8DF-DD69-4DC4-8818-3B3CD9798821}.Debug|iPhone.Build.0 = Debug|Any CPU
		{2352D8DF-DD69-4DC4-8818-3B3CD9798821}.Debug|iPhoneSimulator.ActiveCfg = Debug|Any CPU
		{2352D8DF-DD69-4DC4-8818-3B3CD9798821}.Debug|iPhoneSimulator.Build.0 = Debug|Any CPU
		{2352D8DF-DD69-4DC4-8818-3B3CD9798821}.Release|Any CPU.ActiveCfg = Release|Any CPU
		{2352D8DF-DD69-4DC4-8818-3B3CD9798821}.Release|Any CPU.Build.0 = Release|Any CPU
		{2352D8DF-DD69-4DC4-8818-3B3CD9798821}.Release|iPhone.ActiveCfg = Release|Any CPU
		{2352D8DF-DD69-4DC4-8818-3B3CD9798821}.Release|iPhone.Build.0 = Release|Any CPU
		{2352D8DF-DD69-4DC4-8818-3B3CD9798821}.Release|iPhoneSimulator.ActiveCfg = Release|Any CPU
		{2352D8DF-DD69-4DC4-8818-3B3CD9798821}.Release|iPhoneSimulator.Build.0 = Release|Any CPU
		{60D2AE2B-1F58-481B-9241-50E2C362186D}.Ad-Hoc|Any CPU.ActiveCfg = Release|Any CPU
		{60D2AE2B-1F58-481B-9241-50E2C362186D}.Ad-Hoc|Any CPU.Build.0 = Release|Any CPU
		{60D2AE2B-1F58-481B-9241-50E2C362186D}.Ad-Hoc|iPhone.ActiveCfg = Release|Any CPU
		{60D2AE2B-1F58-481B-9241-50E2C362186D}.Ad-Hoc|iPhone.Build.0 = Release|Any CPU
		{60D2AE2B-1F58-481B-9241-50E2C362186D}.Ad-Hoc|iPhoneSimulator.ActiveCfg = Release|Any CPU
		{60D2AE2B-1F58-481B-9241-50E2C362186D}.Ad-Hoc|iPhoneSimulator.Build.0 = Release|Any CPU
		{60D2AE2B-1F58-481B-9241-50E2C362186D}.AppStore|Any CPU.ActiveCfg = Release|Any CPU
		{60D2AE2B-1F58-481B-9241-50E2C362186D}.AppStore|Any CPU.Build.0 = Release|Any CPU
		{60D2AE2B-1F58-481B-9241-50E2C362186D}.AppStore|iPhone.ActiveCfg = Release|Any CPU
		{60D2AE2B-1F58-481B-9241-50E2C362186D}.AppStore|iPhone.Build.0 = Release|Any CPU
		{60D2AE2B-1F58-481B-9241-50E2C362186D}.AppStore|iPhoneSimulator.ActiveCfg = Release|Any CPU
		{60D2AE2B-1F58-481B-9241-50E2C362186D}.AppStore|iPhoneSimulator.Build.0 = Release|Any CPU
		{60D2AE2B-1F58-481B-9241-50E2C362186D}.Debug|Any CPU.ActiveCfg = Debug|Any CPU
		{60D2AE2B-1F58-481B-9241-50E2C362186D}.Debug|Any CPU.Build.0 = Debug|Any CPU
		{60D2AE2B-1F58-481B-9241-50E2C362186D}.Debug|iPhone.ActiveCfg = Debug|Any CPU
		{60D2AE2B-1F58-481B-9241-50E2C362186D}.Debug|iPhone.Build.0 = Debug|Any CPU
		{60D2AE2B-1F58-481B-9241-50E2C362186D}.Debug|iPhoneSimulator.ActiveCfg = Debug|Any CPU
		{60D2AE2B-1F58-481B-9241-50E2C362186D}.Debug|iPhoneSimulator.Build.0 = Debug|Any CPU
		{60D2AE2B-1F58-481B-9241-50E2C362186D}.Release|Any CPU.ActiveCfg = Release|Any CPU
		{60D2AE2B-1F58-481B-9241-50E2C362186D}.Release|Any CPU.Build.0 = Release|Any CPU
		{60D2AE2B-1F58-481B-9241-50E2C362186D}.Release|iPhone.ActiveCfg = Release|Any CPU
		{60D2AE2B-1F58-481B-9241-50E2C362186D}.Release|iPhone.Build.0 = Release|Any CPU
		{60D2AE2B-1F58-481B-9241-50E2C362186D}.Release|iPhoneSimulator.ActiveCfg = Release|Any CPU
		{60D2AE2B-1F58-481B-9241-50E2C362186D}.Release|iPhoneSimulator.Build.0 = Release|Any CPU
		{5D2BD1FF-A6CE-4DE4-B120-51D97B8FF7DA}.Ad-Hoc|Any CPU.ActiveCfg = Release|Any CPU
		{5D2BD1FF-A6CE-4DE4-B120-51D97B8FF7DA}.Ad-Hoc|Any CPU.Build.0 = Release|Any CPU
		{5D2BD1FF-A6CE-4DE4-B120-51D97B8FF7DA}.Ad-Hoc|Any CPU.Deploy.0 = Release|Any CPU
		{5D2BD1FF-A6CE-4DE4-B120-51D97B8FF7DA}.Ad-Hoc|iPhone.ActiveCfg = Release|Any CPU
		{5D2BD1FF-A6CE-4DE4-B120-51D97B8FF7DA}.Ad-Hoc|iPhone.Build.0 = Release|Any CPU
		{5D2BD1FF-A6CE-4DE4-B120-51D97B8FF7DA}.Ad-Hoc|iPhone.Deploy.0 = Release|Any CPU
		{5D2BD1FF-A6CE-4DE4-B120-51D97B8FF7DA}.Ad-Hoc|iPhoneSimulator.ActiveCfg = Release|Any CPU
		{5D2BD1FF-A6CE-4DE4-B120-51D97B8FF7DA}.Ad-Hoc|iPhoneSimulator.Build.0 = Release|Any CPU
		{5D2BD1FF-A6CE-4DE4-B120-51D97B8FF7DA}.Ad-Hoc|iPhoneSimulator.Deploy.0 = Release|Any CPU
		{5D2BD1FF-A6CE-4DE4-B120-51D97B8FF7DA}.AppStore|Any CPU.ActiveCfg = Release|Any CPU
		{5D2BD1FF-A6CE-4DE4-B120-51D97B8FF7DA}.AppStore|Any CPU.Build.0 = Release|Any CPU
		{5D2BD1FF-A6CE-4DE4-B120-51D97B8FF7DA}.AppStore|Any CPU.Deploy.0 = Release|Any CPU
		{5D2BD1FF-A6CE-4DE4-B120-51D97B8FF7DA}.AppStore|iPhone.ActiveCfg = Release|Any CPU
		{5D2BD1FF-A6CE-4DE4-B120-51D97B8FF7DA}.AppStore|iPhone.Build.0 = Release|Any CPU
		{5D2BD1FF-A6CE-4DE4-B120-51D97B8FF7DA}.AppStore|iPhone.Deploy.0 = Release|Any CPU
		{5D2BD1FF-A6CE-4DE4-B120-51D97B8FF7DA}.AppStore|iPhoneSimulator.ActiveCfg = Release|Any CPU
		{5D2BD1FF-A6CE-4DE4-B120-51D97B8FF7DA}.AppStore|iPhoneSimulator.Build.0 = Release|Any CPU
		{5D2BD1FF-A6CE-4DE4-B120-51D97B8FF7DA}.AppStore|iPhoneSimulator.Deploy.0 = Release|Any CPU
		{5D2BD1FF-A6CE-4DE4-B120-51D97B8FF7DA}.Debug|Any CPU.ActiveCfg = Debug|Any CPU
		{5D2BD1FF-A6CE-4DE4-B120-51D97B8FF7DA}.Debug|Any CPU.Build.0 = Debug|Any CPU
		{5D2BD1FF-A6CE-4DE4-B120-51D97B8FF7DA}.Debug|Any CPU.Deploy.0 = Debug|Any CPU
		{5D2BD1FF-A6CE-4DE4-B120-51D97B8FF7DA}.Debug|iPhone.ActiveCfg = Debug|Any CPU
		{5D2BD1FF-A6CE-4DE4-B120-51D97B8FF7DA}.Debug|iPhone.Build.0 = Debug|Any CPU
		{5D2BD1FF-A6CE-4DE4-B120-51D97B8FF7DA}.Debug|iPhone.Deploy.0 = Debug|Any CPU
		{5D2BD1FF-A6CE-4DE4-B120-51D97B8FF7DA}.Debug|iPhoneSimulator.ActiveCfg = Debug|Any CPU
		{5D2BD1FF-A6CE-4DE4-B120-51D97B8FF7DA}.Debug|iPhoneSimulator.Build.0 = Debug|Any CPU
		{5D2BD1FF-A6CE-4DE4-B120-51D97B8FF7DA}.Debug|iPhoneSimulator.Deploy.0 = Debug|Any CPU
		{5D2BD1FF-A6CE-4DE4-B120-51D97B8FF7DA}.Release|Any CPU.ActiveCfg = Release|Any CPU
		{5D2BD1FF-A6CE-4DE4-B120-51D97B8FF7DA}.Release|Any CPU.Build.0 = Release|Any CPU
		{5D2BD1FF-A6CE-4DE4-B120-51D97B8FF7DA}.Release|Any CPU.Deploy.0 = Release|Any CPU
		{5D2BD1FF-A6CE-4DE4-B120-51D97B8FF7DA}.Release|iPhone.ActiveCfg = Release|Any CPU
		{5D2BD1FF-A6CE-4DE4-B120-51D97B8FF7DA}.Release|iPhone.Build.0 = Release|Any CPU
		{5D2BD1FF-A6CE-4DE4-B120-51D97B8FF7DA}.Release|iPhone.Deploy.0 = Release|Any CPU
		{5D2BD1FF-A6CE-4DE4-B120-51D97B8FF7DA}.Release|iPhoneSimulator.ActiveCfg = Release|Any CPU
		{5D2BD1FF-A6CE-4DE4-B120-51D97B8FF7DA}.Release|iPhoneSimulator.Build.0 = Release|Any CPU
		{5D2BD1FF-A6CE-4DE4-B120-51D97B8FF7DA}.Release|iPhoneSimulator.Deploy.0 = Release|Any CPU
		{C84D6D81-0708-4DE3-B1E0-F35BCC94FA96}.Ad-Hoc|Any CPU.ActiveCfg = Ad-Hoc|iPhone
		{C84D6D81-0708-4DE3-B1E0-F35BCC94FA96}.Ad-Hoc|iPhone.ActiveCfg = Ad-Hoc|iPhone
		{C84D6D81-0708-4DE3-B1E0-F35BCC94FA96}.Ad-Hoc|iPhone.Build.0 = Ad-Hoc|iPhone
		{C84D6D81-0708-4DE3-B1E0-F35BCC94FA96}.Ad-Hoc|iPhoneSimulator.ActiveCfg = Ad-Hoc|iPhoneSimulator
		{C84D6D81-0708-4DE3-B1E0-F35BCC94FA96}.Ad-Hoc|iPhoneSimulator.Build.0 = Ad-Hoc|iPhoneSimulator
		{C84D6D81-0708-4DE3-B1E0-F35BCC94FA96}.AppStore|Any CPU.ActiveCfg = AppStore|iPhone
		{C84D6D81-0708-4DE3-B1E0-F35BCC94FA96}.AppStore|iPhone.ActiveCfg = AppStore|iPhone
		{C84D6D81-0708-4DE3-B1E0-F35BCC94FA96}.AppStore|iPhone.Build.0 = AppStore|iPhone
		{C84D6D81-0708-4DE3-B1E0-F35BCC94FA96}.AppStore|iPhoneSimulator.ActiveCfg = AppStore|iPhoneSimulator
		{C84D6D81-0708-4DE3-B1E0-F35BCC94FA96}.AppStore|iPhoneSimulator.Build.0 = AppStore|iPhoneSimulator
		{C84D6D81-0708-4DE3-B1E0-F35BCC94FA96}.Debug|Any CPU.ActiveCfg = Debug|iPhone
		{C84D6D81-0708-4DE3-B1E0-F35BCC94FA96}.Debug|iPhone.ActiveCfg = Debug|iPhone
		{C84D6D81-0708-4DE3-B1E0-F35BCC94FA96}.Debug|iPhone.Build.0 = Debug|iPhone
		{C84D6D81-0708-4DE3-B1E0-F35BCC94FA96}.Debug|iPhoneSimulator.ActiveCfg = Debug|iPhoneSimulator
		{C84D6D81-0708-4DE3-B1E0-F35BCC94FA96}.Debug|iPhoneSimulator.Build.0 = Debug|iPhoneSimulator
		{C84D6D81-0708-4DE3-B1E0-F35BCC94FA96}.Release|Any CPU.ActiveCfg = Release|iPhone
		{C84D6D81-0708-4DE3-B1E0-F35BCC94FA96}.Release|iPhone.ActiveCfg = Release|iPhone
		{C84D6D81-0708-4DE3-B1E0-F35BCC94FA96}.Release|iPhone.Build.0 = Release|iPhone
		{C84D6D81-0708-4DE3-B1E0-F35BCC94FA96}.Release|iPhoneSimulator.ActiveCfg = Release|iPhoneSimulator
		{C84D6D81-0708-4DE3-B1E0-F35BCC94FA96}.Release|iPhoneSimulator.Build.0 = Release|iPhoneSimulator
	EndGlobalSection
	GlobalSection(SolutionProperties) = preSolution
		HideSolutionNode = FALSE
	EndGlobalSection
EndGlobal
