
Microsoft Visual Studio Solution File, Format Version 12.00
# Visual Studio 14
VisualStudioVersion = 14.0.25420.1
MinimumVisualStudioVersion = 10.0.40219.1
Project("{FAE04EC0-301F-11D3-BF4B-00C04F79EFBC}") = "Lab13", "Lab13\Lab13.csproj", "{80C6525E-D20A-48E6-9C95-9C4A345F4993}"
EndProject
Global
	GlobalSection(SolutionConfigurationPlatforms) = preSolution
		Debug|Any CPU = Debug|Any CPU
		Release|Any CPU = Release|Any CPU
	EndGlobalSection
	GlobalSection(ProjectConfigurationPlatforms) = postSolution
		{80C6525E-D20A-48E6-9C95-9C4A345F4993}.Debug|Any CPU.ActiveCfg = Debug|Any CPU
		{80C6525E-D20A-48E6-9C95-9C4A345F4993}.Debug|Any CPU.Build.0 = Debug|Any CPU
		{80C6525E-D20A-48E6-9C95-9C4A345F4993}.Debug|Any CPU.Deploy.0 = Debug|Any CPU
		{80C6525E-D20A-48E6-9C95-9C4A345F4993}.Release|Any CPU.ActiveCfg = Release|Any CPU
		{80C6525E-D20A-48E6-9C95-9C4A345F4993}.Release|Any CPU.Build.0 = Release|Any CPU
		{80C6525E-D20A-48E6-9C95-9C4A345F4993}.Release|Any CPU.Deploy.0 = Release|Any CPU
	EndGlobalSection
	GlobalSection(SolutionProperties) = preSolution
		HideSolutionNode = FALSE
	EndGlobalSection
EndGlobal
