
Microsoft Visual Studio Solution File, Format Version 12.00
# Visual Studio 14
VisualStudioVersion = 14.0.25420.1
MinimumVisualStudioVersion = 10.0.40219.1
Project("{D954291E-2A0B-460D-934E-DC6B0785DB48}") = "SharedProject", "SharedProject\SharedProject.shproj", "{5F1E3995-CA32-4A99-9140-2FE644CBFB7A}"
EndProject
Project("{FAE04EC0-301F-11D3-BF4B-00C04F79EFBC}") = "AndroidApp", "AndroidApp\AndroidApp.csproj", "{8E14F0A2-09FD-450B-A34E-42DB8C280B1D}"
EndProject
Project("{FAE04EC0-301F-11D3-BF4B-00C04F79EFBC}") = "UWPApp", "UWPApp\UWPApp.csproj", "{80AE2F80-D9D5-48BD-8C1E-9E8A28FFB9BB}"
EndProject
Project("{FAE04EC0-301F-11D3-BF4B-00C04F79EFBC}") = "WPFApp", "WPFApp\WPFApp.csproj", "{57E6B0BE-7CFB-46C2-910A-890E37CFCD3B}"
EndProject
Global
	GlobalSection(SharedMSBuildProjectFiles) = preSolution
		SharedProject\SharedProject.projitems*{57e6b0be-7cfb-46c2-910a-890e37cfcd3b}*SharedItemsImports = 4
		SharedProject\SharedProject.projitems*{5f1e3995-ca32-4a99-9140-2fe644cbfb7a}*SharedItemsImports = 13
		SharedProject\SharedProject.projitems*{80ae2f80-d9d5-48bd-8c1e-9e8a28ffb9bb}*SharedItemsImports = 4
		SharedProject\SharedProject.projitems*{8e14f0a2-09fd-450b-a34e-42db8c280b1d}*SharedItemsImports = 4
	EndGlobalSection
	GlobalSection(SolutionConfigurationPlatforms) = preSolution
		Debug|Any CPU = Debug|Any CPU
		Debug|ARM = Debug|ARM
		Debug|x64 = Debug|x64
		Debug|x86 = Debug|x86
		Release|Any CPU = Release|Any CPU
		Release|ARM = Release|ARM
		Release|x64 = Release|x64
		Release|x86 = Release|x86
	EndGlobalSection
	GlobalSection(ProjectConfigurationPlatforms) = postSolution
		{8E14F0A2-09FD-450B-A34E-42DB8C280B1D}.Debug|Any CPU.ActiveCfg = Debug|Any CPU
		{8E14F0A2-09FD-450B-A34E-42DB8C280B1D}.Debug|Any CPU.Build.0 = Debug|Any CPU
		{8E14F0A2-09FD-450B-A34E-42DB8C280B1D}.Debug|Any CPU.Deploy.0 = Debug|Any CPU
		{8E14F0A2-09FD-450B-A34E-42DB8C280B1D}.Debug|ARM.ActiveCfg = Debug|Any CPU
		{8E14F0A2-09FD-450B-A34E-42DB8C280B1D}.Debug|ARM.Build.0 = Debug|Any CPU
		{8E14F0A2-09FD-450B-A34E-42DB8C280B1D}.Debug|ARM.Deploy.0 = Debug|Any CPU
		{8E14F0A2-09FD-450B-A34E-42DB8C280B1D}.Debug|x64.ActiveCfg = Debug|Any CPU
		{8E14F0A2-09FD-450B-A34E-42DB8C280B1D}.Debug|x64.Build.0 = Debug|Any CPU
		{8E14F0A2-09FD-450B-A34E-42DB8C280B1D}.Debug|x64.Deploy.0 = Debug|Any CPU
		{8E14F0A2-09FD-450B-A34E-42DB8C280B1D}.Debug|x86.ActiveCfg = Debug|Any CPU
		{8E14F0A2-09FD-450B-A34E-42DB8C280B1D}.Debug|x86.Build.0 = Debug|Any CPU
		{8E14F0A2-09FD-450B-A34E-42DB8C280B1D}.Debug|x86.Deploy.0 = Debug|Any CPU
		{8E14F0A2-09FD-450B-A34E-42DB8C280B1D}.Release|Any CPU.ActiveCfg = Debug|Any CPU
		{8E14F0A2-09FD-450B-A34E-42DB8C280B1D}.Release|Any CPU.Build.0 = Debug|Any CPU
		{8E14F0A2-09FD-450B-A34E-42DB8C280B1D}.Release|Any CPU.Deploy.0 = Debug|Any CPU
		{8E14F0A2-09FD-450B-A34E-42DB8C280B1D}.Release|ARM.ActiveCfg = Release|Any CPU
		{8E14F0A2-09FD-450B-A34E-42DB8C280B1D}.Release|ARM.Build.0 = Release|Any CPU
		{8E14F0A2-09FD-450B-A34E-42DB8C280B1D}.Release|ARM.Deploy.0 = Release|Any CPU
		{8E14F0A2-09FD-450B-A34E-42DB8C280B1D}.Release|x64.ActiveCfg = Release|Any CPU
		{8E14F0A2-09FD-450B-A34E-42DB8C280B1D}.Release|x64.Build.0 = Release|Any CPU
		{8E14F0A2-09FD-450B-A34E-42DB8C280B1D}.Release|x64.Deploy.0 = Release|Any CPU
		{8E14F0A2-09FD-450B-A34E-42DB8C280B1D}.Release|x86.ActiveCfg = Release|Any CPU
		{8E14F0A2-09FD-450B-A34E-42DB8C280B1D}.Release|x86.Build.0 = Release|Any CPU
		{8E14F0A2-09FD-450B-A34E-42DB8C280B1D}.Release|x86.Deploy.0 = Release|Any CPU
		{80AE2F80-D9D5-48BD-8C1E-9E8A28FFB9BB}.Debug|Any CPU.ActiveCfg = Debug|x86
		{80AE2F80-D9D5-48BD-8C1E-9E8A28FFB9BB}.Debug|Any CPU.Build.0 = Debug|x86
		{80AE2F80-D9D5-48BD-8C1E-9E8A28FFB9BB}.Debug|Any CPU.Deploy.0 = Debug|x86
		{80AE2F80-D9D5-48BD-8C1E-9E8A28FFB9BB}.Debug|ARM.ActiveCfg = Debug|ARM
		{80AE2F80-D9D5-48BD-8C1E-9E8A28FFB9BB}.Debug|ARM.Build.0 = Debug|ARM
		{80AE2F80-D9D5-48BD-8C1E-9E8A28FFB9BB}.Debug|ARM.Deploy.0 = Debug|ARM
		{80AE2F80-D9D5-48BD-8C1E-9E8A28FFB9BB}.Debug|x64.ActiveCfg = Debug|x64
		{80AE2F80-D9D5-48BD-8C1E-9E8A28FFB9BB}.Debug|x64.Build.0 = Debug|x64
		{80AE2F80-D9D5-48BD-8C1E-9E8A28FFB9BB}.Debug|x64.Deploy.0 = Debug|x64
		{80AE2F80-D9D5-48BD-8C1E-9E8A28FFB9BB}.Debug|x86.ActiveCfg = Debug|x86
		{80AE2F80-D9D5-48BD-8C1E-9E8A28FFB9BB}.Debug|x86.Build.0 = Debug|x86
		{80AE2F80-D9D5-48BD-8C1E-9E8A28FFB9BB}.Debug|x86.Deploy.0 = Debug|x86
		{80AE2F80-D9D5-48BD-8C1E-9E8A28FFB9BB}.Release|Any CPU.ActiveCfg = Debug|x86
		{80AE2F80-D9D5-48BD-8C1E-9E8A28FFB9BB}.Release|Any CPU.Build.0 = Debug|x86
		{80AE2F80-D9D5-48BD-8C1E-9E8A28FFB9BB}.Release|Any CPU.Deploy.0 = Debug|x86
		{80AE2F80-D9D5-48BD-8C1E-9E8A28FFB9BB}.Release|ARM.ActiveCfg = Release|ARM
		{80AE2F80-D9D5-48BD-8C1E-9E8A28FFB9BB}.Release|ARM.Build.0 = Release|ARM
		{80AE2F80-D9D5-48BD-8C1E-9E8A28FFB9BB}.Release|ARM.Deploy.0 = Release|ARM
		{80AE2F80-D9D5-48BD-8C1E-9E8A28FFB9BB}.Release|x64.ActiveCfg = Release|x64
		{80AE2F80-D9D5-48BD-8C1E-9E8A28FFB9BB}.Release|x64.Build.0 = Release|x64
		{80AE2F80-D9D5-48BD-8C1E-9E8A28FFB9BB}.Release|x64.Deploy.0 = Release|x64
		{80AE2F80-D9D5-48BD-8C1E-9E8A28FFB9BB}.Release|x86.ActiveCfg = Release|x86
		{80AE2F80-D9D5-48BD-8C1E-9E8A28FFB9BB}.Release|x86.Build.0 = Release|x86
		{80AE2F80-D9D5-48BD-8C1E-9E8A28FFB9BB}.Release|x86.Deploy.0 = Release|x86
		{57E6B0BE-7CFB-46C2-910A-890E37CFCD3B}.Debug|Any CPU.ActiveCfg = Debug|Any CPU
		{57E6B0BE-7CFB-46C2-910A-890E37CFCD3B}.Debug|Any CPU.Build.0 = Debug|Any CPU
		{57E6B0BE-7CFB-46C2-910A-890E37CFCD3B}.Debug|ARM.ActiveCfg = Debug|Any CPU
		{57E6B0BE-7CFB-46C2-910A-890E37CFCD3B}.Debug|ARM.Build.0 = Debug|Any CPU
		{57E6B0BE-7CFB-46C2-910A-890E37CFCD3B}.Debug|x64.ActiveCfg = Debug|Any CPU
		{57E6B0BE-7CFB-46C2-910A-890E37CFCD3B}.Debug|x64.Build.0 = Debug|Any CPU
		{57E6B0BE-7CFB-46C2-910A-890E37CFCD3B}.Debug|x86.ActiveCfg = Debug|Any CPU
		{57E6B0BE-7CFB-46C2-910A-890E37CFCD3B}.Debug|x86.Build.0 = Debug|Any CPU
		{57E6B0BE-7CFB-46C2-910A-890E37CFCD3B}.Release|Any CPU.ActiveCfg = Release|Any CPU
		{57E6B0BE-7CFB-46C2-910A-890E37CFCD3B}.Release|Any CPU.Build.0 = Release|Any CPU
		{57E6B0BE-7CFB-46C2-910A-890E37CFCD3B}.Release|ARM.ActiveCfg = Release|Any CPU
		{57E6B0BE-7CFB-46C2-910A-890E37CFCD3B}.Release|ARM.Build.0 = Release|Any CPU
		{57E6B0BE-7CFB-46C2-910A-890E37CFCD3B}.Release|x64.ActiveCfg = Release|Any CPU
		{57E6B0BE-7CFB-46C2-910A-890E37CFCD3B}.Release|x64.Build.0 = Release|Any CPU
		{57E6B0BE-7CFB-46C2-910A-890E37CFCD3B}.Release|x86.ActiveCfg = Release|Any CPU
		{57E6B0BE-7CFB-46C2-910A-890E37CFCD3B}.Release|x86.Build.0 = Release|Any CPU
	EndGlobalSection
	GlobalSection(SolutionProperties) = preSolution
		HideSolutionNode = FALSE
	EndGlobalSection
EndGlobal
